// !$*UTF8*$!
{
	archiveVersion = 1;
	classes = {
	};
	objectVersion = 46;
	objects = {

/* Begin PBXBuildFile section */
		BD49C1881E515A220009C4E2 /* main.m in Sources */ = {isa = PBXBuildFile; fileRef = BD49C1871E515A220009C4E2 /* main.m */; };
		BD49C18B1E515A220009C4E2 /* AppDelegate.m in Sources */ = {isa = PBXBuildFile; fileRef = BD49C18A1E515A220009C4E2 /* AppDelegate.m */; };
		BD49C1911E515A220009C4E2 /* Main.storyboard in Resources */ = {isa = PBXBuildFile; fileRef = BD49C18F1E515A220009C4E2 /* Main.storyboard */; };
		BD49C1931E515A220009C4E2 /* Assets.xcassets in Resources */ = {isa = PBXBuildFile; fileRef = BD49C1921E515A220009C4E2 /* Assets.xcassets */; };
		BD49C1961E515A220009C4E2 /* LaunchScreen.storyboard in Resources */ = {isa = PBXBuildFile; fileRef = BD49C1941E515A220009C4E2 /* LaunchScreen.storyboard */; };
		BD49C1A11E515A220009C4E2 /* gcdProjectTests.m in Sources */ = {isa = PBXBuildFile; fileRef = BD49C1A01E515A220009C4E2 /* gcdProjectTests.m */; };
		BD49C1AC1E515A220009C4E2 /* gcdProjectUITests.m in Sources */ = {isa = PBXBuildFile; fileRef = BD49C1AB1E515A220009C4E2 /* gcdProjectUITests.m */; };
		BD49C1CD1E5196000009C4E2 /* ViewController.m in Sources */ = {isa = PBXBuildFile; fileRef = BD49C18D1E515A220009C4E2 /* ViewController.m */; };
		BD49C1F31E51988A0009C4E2 /* AFHTTPSessionManager.m in Sources */ = {isa = PBXBuildFile; fileRef = BD49C1D01E51988A0009C4E2 /* AFHTTPSessionManager.m */; };
		BD49C1F41E51988A0009C4E2 /* AFNetworkReachabilityManager.m in Sources */ = {isa = PBXBuildFile; fileRef = BD49C1D31E51988A0009C4E2 /* AFNetworkReachabilityManager.m */; };
		BD49C1F51E51988A0009C4E2 /* AFSecurityPolicy.m in Sources */ = {isa = PBXBuildFile; fileRef = BD49C1D51E51988A0009C4E2 /* AFSecurityPolicy.m */; };
		BD49C1F61E51988A0009C4E2 /* AFURLRequestSerialization.m in Sources */ = {isa = PBXBuildFile; fileRef = BD49C1D71E51988A0009C4E2 /* AFURLRequestSerialization.m */; };
		BD49C1F71E51988A0009C4E2 /* AFURLResponseSerialization.m in Sources */ = {isa = PBXBuildFile; fileRef = BD49C1D91E51988A0009C4E2 /* AFURLResponseSerialization.m */; };
		BD49C1F81E51988A0009C4E2 /* AFURLSessionManager.m in Sources */ = {isa = PBXBuildFile; fileRef = BD49C1DB1E51988A0009C4E2 /* AFURLSessionManager.m */; };
		BD49C1F91E51988A0009C4E2 /* LICENSE in Resources */ = {isa = PBXBuildFile; fileRef = BD49C1DC1E51988A0009C4E2 /* LICENSE */; };
		BD49C1FA1E51988A0009C4E2 /* README.md in Sources */ = {isa = PBXBuildFile; fileRef = BD49C1DD1E51988A0009C4E2 /* README.md */; };
		BD49C1FB1E51988A0009C4E2 /* AFAutoPurgingImageCache.m in Sources */ = {isa = PBXBuildFile; fileRef = BD49C1E01E51988A0009C4E2 /* AFAutoPurgingImageCache.m */; };
		BD49C1FC1E51988A0009C4E2 /* AFImageDownloader.m in Sources */ = {isa = PBXBuildFile; fileRef = BD49C1E21E51988A0009C4E2 /* AFImageDownloader.m */; };
		BD49C1FD1E51988A0009C4E2 /* AFNetworkActivityIndicatorManager.m in Sources */ = {isa = PBXBuildFile; fileRef = BD49C1E41E51988A0009C4E2 /* AFNetworkActivityIndicatorManager.m */; };
		BD49C1FE1E51988A0009C4E2 /* UIActivityIndicatorView+AFNetworking.m in Sources */ = {isa = PBXBuildFile; fileRef = BD49C1E61E51988A0009C4E2 /* UIActivityIndicatorView+AFNetworking.m */; };
		BD49C1FF1E51988A0009C4E2 /* UIButton+AFNetworking.m in Sources */ = {isa = PBXBuildFile; fileRef = BD49C1E81E51988A0009C4E2 /* UIButton+AFNetworking.m */; };
		BD49C2001E51988A0009C4E2 /* UIImageView+AFNetworking.m in Sources */ = {isa = PBXBuildFile; fileRef = BD49C1EB1E51988A0009C4E2 /* UIImageView+AFNetworking.m */; };
		BD49C2011E51988A0009C4E2 /* UIProgressView+AFNetworking.m in Sources */ = {isa = PBXBuildFile; fileRef = BD49C1EE1E51988A0009C4E2 /* UIProgressView+AFNetworking.m */; };
		BD49C2021E51988A0009C4E2 /* UIRefreshControl+AFNetworking.m in Sources */ = {isa = PBXBuildFile; fileRef = BD49C1F01E51988A0009C4E2 /* UIRefreshControl+AFNetworking.m */; };
		BD49C2031E51988A0009C4E2 /* UIWebView+AFNetworking.m in Sources */ = {isa = PBXBuildFile; fileRef = BD49C1F21E51988A0009C4E2 /* UIWebView+AFNetworking.m */; };
		BD49C2061E51A1130009C4E2 /* StarViewController.m in Sources */ = {isa = PBXBuildFile; fileRef = BD49C2051E51A1130009C4E2 /* StarViewController.m */; };
/* End PBXBuildFile section */

/* Begin PBXContainerItemProxy section */
		BD49C19D1E515A220009C4E2 /* PBXContainerItemProxy */ = {
			isa = PBXContainerItemProxy;
			containerPortal = BD49C17B1E515A210009C4E2 /* Project object */;
			proxyType = 1;
			remoteGlobalIDString = BD49C1821E515A210009C4E2;
			remoteInfo = gcdProject;
		};
		BD49C1A81E515A220009C4E2 /* PBXContainerItemProxy */ = {
			isa = PBXContainerItemProxy;
			containerPortal = BD49C17B1E515A210009C4E2 /* Project object */;
			proxyType = 1;
			remoteGlobalIDString = BD49C1821E515A210009C4E2;
			remoteInfo = gcdProject;
		};
/* End PBXContainerItemProxy section */

/* Begin PBXFileReference section */
		BD49C1831E515A210009C4E2 /* gcdProject.app */ = {isa = PBXFileReference; explicitFileType = wrapper.application; includeInIndex = 0; path = gcdProject.app; sourceTree = BUILT_PRODUCTS_DIR; };
		BD49C1871E515A220009C4E2 /* main.m */ = {isa = PBXFileReference; lastKnownFileType = sourcecode.c.objc; path = main.m; sourceTree = "<group>"; };
		BD49C1891E515A220009C4E2 /* AppDelegate.h */ = {isa = PBXFileReference; lastKnownFileType = sourcecode.c.h; path = AppDelegate.h; sourceTree = "<group>"; };
		BD49C18A1E515A220009C4E2 /* AppDelegate.m */ = {isa = PBXFileReference; lastKnownFileType = sourcecode.c.objc; path = AppDelegate.m; sourceTree = "<group>"; };
		BD49C18C1E515A220009C4E2 /* ViewController.h */ = {isa = PBXFileReference; lastKnownFileType = sourcecode.c.h; path = ViewController.h; sourceTree = "<group>"; };
		BD49C18D1E515A220009C4E2 /* ViewController.m */ = {isa = PBXFileReference; lastKnownFileType = sourcecode.c.objc; path = ViewController.m; sourceTree = "<group>"; };
		BD49C1901E515A220009C4E2 /* Base */ = {isa = PBXFileReference; lastKnownFileType = file.storyboard; name = Base; path = Base.lproj/Main.storyboard; sourceTree = "<group>"; };
		BD49C1921E515A220009C4E2 /* Assets.xcassets */ = {isa = PBXFileReference; lastKnownFileType = folder.assetcatalog; path = Assets.xcassets; sourceTree = "<group>"; };
		BD49C1951E515A220009C4E2 /* Base */ = {isa = PBXFileReference; lastKnownFileType = file.storyboard; name = Base; path = Base.lproj/LaunchScreen.storyboard; sourceTree = "<group>"; };
		BD49C1971E515A220009C4E2 /* Info.plist */ = {isa = PBXFileReference; lastKnownFileType = text.plist.xml; path = Info.plist; sourceTree = "<group>"; };
		BD49C19C1E515A220009C4E2 /* gcdProjectTests.xctest */ = {isa = PBXFileReference; explicitFileType = wrapper.cfbundle; includeInIndex = 0; path = gcdProjectTests.xctest; sourceTree = BUILT_PRODUCTS_DIR; };
		BD49C1A01E515A220009C4E2 /* gcdProjectTests.m */ = {isa = PBXFileReference; lastKnownFileType = sourcecode.c.objc; path = gcdProjectTests.m; sourceTree = "<group>"; };
		BD49C1A21E515A220009C4E2 /* Info.plist */ = {isa = PBXFileReference; lastKnownFileType = text.plist.xml; path = Info.plist; sourceTree = "<group>"; };
		BD49C1A71E515A220009C4E2 /* gcdProjectUITests.xctest */ = {isa = PBXFileReference; explicitFileType = wrapper.cfbundle; includeInIndex = 0; path = gcdProjectUITests.xctest; sourceTree = BUILT_PRODUCTS_DIR; };
		BD49C1AB1E515A220009C4E2 /* gcdProjectUITests.m */ = {isa = PBXFileReference; lastKnownFileType = sourcecode.c.objc; path = gcdProjectUITests.m; sourceTree = "<group>"; };
		BD49C1AD1E515A220009C4E2 /* Info.plist */ = {isa = PBXFileReference; lastKnownFileType = text.plist.xml; path = Info.plist; sourceTree = "<group>"; };
		BD49C1CF1E51988A0009C4E2 /* AFHTTPSessionManager.h */ = {isa = PBXFileReference; fileEncoding = 4; lastKnownFileType = sourcecode.c.h; path = AFHTTPSessionManager.h; sourceTree = "<group>"; };
		BD49C1D01E51988A0009C4E2 /* AFHTTPSessionManager.m */ = {isa = PBXFileReference; fileEncoding = 4; lastKnownFileType = sourcecode.c.objc; path = AFHTTPSessionManager.m; sourceTree = "<group>"; };
		BD49C1D11E51988A0009C4E2 /* AFNetworking.h */ = {isa = PBXFileReference; fileEncoding = 4; lastKnownFileType = sourcecode.c.h; path = AFNetworking.h; sourceTree = "<group>"; };
		BD49C1D21E51988A0009C4E2 /* AFNetworkReachabilityManager.h */ = {isa = PBXFileReference; fileEncoding = 4; lastKnownFileType = sourcecode.c.h; path = AFNetworkReachabilityManager.h; sourceTree = "<group>"; };
		BD49C1D31E51988A0009C4E2 /* AFNetworkReachabilityManager.m */ = {isa = PBXFileReference; fileEncoding = 4; lastKnownFileType = sourcecode.c.objc; path = AFNetworkReachabilityManager.m; sourceTree = "<group>"; };
		BD49C1D41E51988A0009C4E2 /* AFSecurityPolicy.h */ = {isa = PBXFileReference; fileEncoding = 4; lastKnownFileType = sourcecode.c.h; path = AFSecurityPolicy.h; sourceTree = "<group>"; };
		BD49C1D51E51988A0009C4E2 /* AFSecurityPolicy.m */ = {isa = PBXFileReference; fileEncoding = 4; lastKnownFileType = sourcecode.c.objc; path = AFSecurityPolicy.m; sourceTree = "<group>"; };
		BD49C1D61E51988A0009C4E2 /* AFURLRequestSerialization.h */ = {isa = PBXFileReference; fileEncoding = 4; lastKnownFileType = sourcecode.c.h; path = AFURLRequestSerialization.h; sourceTree = "<group>"; };
		BD49C1D71E51988A0009C4E2 /* AFURLRequestSerialization.m */ = {isa = PBXFileReference; fileEncoding = 4; lastKnownFileType = sourcecode.c.objc; path = AFURLRequestSerialization.m; sourceTree = "<group>"; };
		BD49C1D81E51988A0009C4E2 /* AFURLResponseSerialization.h */ = {isa = PBXFileReference; fileEncoding = 4; lastKnownFileType = sourcecode.c.h; path = AFURLResponseSerialization.h; sourceTree = "<group>"; };
		BD49C1D91E51988A0009C4E2 /* AFURLResponseSerialization.m */ = {isa = PBXFileReference; fileEncoding = 4; lastKnownFileType = sourcecode.c.objc; path = AFURLResponseSerialization.m; sourceTree = "<group>"; };
		BD49C1DA1E51988A0009C4E2 /* AFURLSessionManager.h */ = {isa = PBXFileReference; fileEncoding = 4; lastKnownFileType = sourcecode.c.h; path = AFURLSessionManager.h; sourceTree = "<group>"; };
		BD49C1DB1E51988A0009C4E2 /* AFURLSessionManager.m */ = {isa = PBXFileReference; fileEncoding = 4; lastKnownFileType = sourcecode.c.objc; path = AFURLSessionManager.m; sourceTree = "<group>"; };
		BD49C1DC1E51988A0009C4E2 /* LICENSE */ = {isa = PBXFileReference; fileEncoding = 4; lastKnownFileType = text; path = LICENSE; sourceTree = "<group>"; };
		BD49C1DD1E51988A0009C4E2 /* README.md */ = {isa = PBXFileReference; fileEncoding = 4; lastKnownFileType = net.daringfireball.markdown; path = README.md; sourceTree = "<group>"; };
		BD49C1DF1E51988A0009C4E2 /* AFAutoPurgingImageCache.h */ = {isa = PBXFileReference; fileEncoding = 4; lastKnownFileType = sourcecode.c.h; path = AFAutoPurgingImageCache.h; sourceTree = "<group>"; };
		BD49C1E01E51988A0009C4E2 /* AFAutoPurgingImageCache.m */ = {isa = PBXFileReference; fileEncoding = 4; lastKnownFileType = sourcecode.c.objc; path = AFAutoPurgingImageCache.m; sourceTree = "<group>"; };
		BD49C1E11E51988A0009C4E2 /* AFImageDownloader.h */ = {isa = PBXFileReference; fileEncoding = 4; lastKnownFileType = sourcecode.c.h; path = AFImageDownloader.h; sourceTree = "<group>"; };
		BD49C1E21E51988A0009C4E2 /* AFImageDownloader.m */ = {isa = PBXFileReference; fileEncoding = 4; lastKnownFileType = sourcecode.c.objc; path = AFImageDownloader.m; sourceTree = "<group>"; };
		BD49C1E31E51988A0009C4E2 /* AFNetworkActivityIndicatorManager.h */ = {isa = PBXFileReference; fileEncoding = 4; lastKnownFileType = sourcecode.c.h; path = AFNetworkActivityIndicatorManager.h; sourceTree = "<group>"; };
		BD49C1E41E51988A0009C4E2 /* AFNetworkActivityIndicatorManager.m */ = {isa = PBXFileReference; fileEncoding = 4; lastKnownFileType = sourcecode.c.objc; path = AFNetworkActivityIndicatorManager.m; sourceTree = "<group>"; };
		BD49C1E51E51988A0009C4E2 /* UIActivityIndicatorView+AFNetworking.h */ = {isa = PBXFileReference; fileEncoding = 4; lastKnownFileType = sourcecode.c.h; path = "UIActivityIndicatorView+AFNetworking.h"; sourceTree = "<group>"; };
		BD49C1E61E51988A0009C4E2 /* UIActivityIndicatorView+AFNetworking.m */ = {isa = PBXFileReference; fileEncoding = 4; lastKnownFileType = sourcecode.c.objc; path = "UIActivityIndicatorView+AFNetworking.m"; sourceTree = "<group>"; };
		BD49C1E71E51988A0009C4E2 /* UIButton+AFNetworking.h */ = {isa = PBXFileReference; fileEncoding = 4; lastKnownFileType = sourcecode.c.h; path = "UIButton+AFNetworking.h"; sourceTree = "<group>"; };
		BD49C1E81E51988A0009C4E2 /* UIButton+AFNetworking.m */ = {isa = PBXFileReference; fileEncoding = 4; lastKnownFileType = sourcecode.c.objc; path = "UIButton+AFNetworking.m"; sourceTree = "<group>"; };
		BD49C1E91E51988A0009C4E2 /* UIImage+AFNetworking.h */ = {isa = PBXFileReference; fileEncoding = 4; lastKnownFileType = sourcecode.c.h; path = "UIImage+AFNetworking.h"; sourceTree = "<group>"; };
		BD49C1EA1E51988A0009C4E2 /* UIImageView+AFNetworking.h */ = {isa = PBXFileReference; fileEncoding = 4; lastKnownFileType = sourcecode.c.h; path = "UIImageView+AFNetworking.h"; sourceTree = "<group>"; };
		BD49C1EB1E51988A0009C4E2 /* UIImageView+AFNetworking.m */ = {isa = PBXFileReference; fileEncoding = 4; lastKnownFileType = sourcecode.c.objc; path = "UIImageView+AFNetworking.m"; sourceTree = "<group>"; };
		BD49C1EC1E51988A0009C4E2 /* UIKit+AFNetworking.h */ = {isa = PBXFileReference; fileEncoding = 4; lastKnownFileType = sourcecode.c.h; path = "UIKit+AFNetworking.h"; sourceTree = "<group>"; };
		BD49C1ED1E51988A0009C4E2 /* UIProgressView+AFNetworking.h */ = {isa = PBXFileReference; fileEncoding = 4; lastKnownFileType = sourcecode.c.h; path = "UIProgressView+AFNetworking.h"; sourceTree = "<group>"; };
		BD49C1EE1E51988A0009C4E2 /* UIProgressView+AFNetworking.m */ = {isa = PBXFileReference; fileEncoding = 4; lastKnownFileType = sourcecode.c.objc; path = "UIProgressView+AFNetworking.m"; sourceTree = "<group>"; };
		BD49C1EF1E51988A0009C4E2 /* UIRefreshControl+AFNetworking.h */ = {isa = PBXFileReference; fileEncoding = 4; lastKnownFileType = sourcecode.c.h; path = "UIRefreshControl+AFNetworking.h"; sourceTree = "<group>"; };
		BD49C1F01E51988A0009C4E2 /* UIRefreshControl+AFNetworking.m */ = {isa = PBXFileReference; fileEncoding = 4; lastKnownFileType = sourcecode.c.objc; path = "UIRefreshControl+AFNetworking.m"; sourceTree = "<group>"; };
		BD49C1F11E51988A0009C4E2 /* UIWebView+AFNetworking.h */ = {isa = PBXFileReference; fileEncoding = 4; lastKnownFileType = sourcecode.c.h; path = "UIWebView+AFNetworking.h"; sourceTree = "<group>"; };
		BD49C1F21E51988A0009C4E2 /* UIWebView+AFNetworking.m */ = {isa = PBXFileReference; fileEncoding = 4; lastKnownFileType = sourcecode.c.objc; path = "UIWebView+AFNetworking.m"; sourceTree = "<group>"; };
		BD49C2041E51A1130009C4E2 /* StarViewController.h */ = {isa = PBXFileReference; fileEncoding = 4; lastKnownFileType = sourcecode.c.h; path = StarViewController.h; sourceTree = "<group>"; };
		BD49C2051E51A1130009C4E2 /* StarViewController.m */ = {isa = PBXFileReference; fileEncoding = 4; lastKnownFileType = sourcecode.c.objc; path = StarViewController.m; sourceTree = "<group>"; };
/* End PBXFileReference section */

/* Begin PBXFrameworksBuildPhase section */
		BD49C1801E515A210009C4E2 /* Frameworks */ = {
			isa = PBXFrameworksBuildPhase;
			buildActionMask = 2147483647;
			files = (
			);
			runOnlyForDeploymentPostprocessing = 0;
		};
		BD49C1991E515A220009C4E2 /* Frameworks */ = {
			isa = PBXFrameworksBuildPhase;
			buildActionMask = 2147483647;
			files = (
			);
			runOnlyForDeploymentPostprocessing = 0;
		};
		BD49C1A41E515A220009C4E2 /* Frameworks */ = {
			isa = PBXFrameworksBuildPhase;
			buildActionMask = 2147483647;
			files = (
			);
			runOnlyForDeploymentPostprocessing = 0;
		};
/* End PBXFrameworksBuildPhase section */

/* Begin PBXGroup section */
		BD49C17A1E515A210009C4E2 = {
			isa = PBXGroup;
			children = (
				BD49C1851E515A210009C4E2 /* gcdProject */,
				BD49C19F1E515A220009C4E2 /* gcdProjectTests */,
				BD49C1AA1E515A220009C4E2 /* gcdProjectUITests */,
				BD49C1841E515A210009C4E2 /* Products */,
			);
			sourceTree = "<group>";
		};
		BD49C1841E515A210009C4E2 /* Products */ = {
			isa = PBXGroup;
			children = (
				BD49C1831E515A210009C4E2 /* gcdProject.app */,
				BD49C19C1E515A220009C4E2 /* gcdProjectTests.xctest */,
				BD49C1A71E515A220009C4E2 /* gcdProjectUITests.xctest */,
			);
			name = Products;
			sourceTree = "<group>";
		};
		BD49C1851E515A210009C4E2 /* gcdProject */ = {
			isa = PBXGroup;
			children = (
				BD49C1891E515A220009C4E2 /* AppDelegate.h */,
				BD49C18A1E515A220009C4E2 /* AppDelegate.m */,
				BD49C2041E51A1130009C4E2 /* StarViewController.h */,
				BD49C2051E51A1130009C4E2 /* StarViewController.m */,
				BD49C18C1E515A220009C4E2 /* ViewController.h */,
				BD49C18D1E515A220009C4E2 /* ViewController.m */,
				BD49C1CE1E51988A0009C4E2 /* AFNetworking */,
				BD49C1DC1E51988A0009C4E2 /* LICENSE */,
				BD49C1DD1E51988A0009C4E2 /* README.md */,
				BD49C1DE1E51988A0009C4E2 /* UIKit+AFNetworking */,
				BD49C18F1E515A220009C4E2 /* Main.storyboard */,
				BD49C1921E515A220009C4E2 /* Assets.xcassets */,
				BD49C1941E515A220009C4E2 /* LaunchScreen.storyboard */,
				BD49C1971E515A220009C4E2 /* Info.plist */,
				BD49C1861E515A210009C4E2 /* Supporting Files */,
			);
			path = gcdProject;
			sourceTree = "<group>";
		};
		BD49C1861E515A210009C4E2 /* Supporting Files */ = {
			isa = PBXGroup;
			children = (
				BD49C1871E515A220009C4E2 /* main.m */,
			);
			name = "Supporting Files";
			sourceTree = "<group>";
		};
		BD49C19F1E515A220009C4E2 /* gcdProjectTests */ = {
			isa = PBXGroup;
			children = (
				BD49C1A01E515A220009C4E2 /* gcdProjectTests.m */,
				BD49C1A21E515A220009C4E2 /* Info.plist */,
			);
			path = gcdProjectTests;
			sourceTree = "<group>";
		};
		BD49C1AA1E515A220009C4E2 /* gcdProjectUITests */ = {
			isa = PBXGroup;
			children = (
				BD49C1AB1E515A220009C4E2 /* gcdProjectUITests.m */,
				BD49C1AD1E515A220009C4E2 /* Info.plist */,
			);
			path = gcdProjectUITests;
			sourceTree = "<group>";
		};
		BD49C1CE1E51988A0009C4E2 /* AFNetworking */ = {
			isa = PBXGroup;
			children = (
				BD49C1CF1E51988A0009C4E2 /* AFHTTPSessionManager.h */,
				BD49C1D01E51988A0009C4E2 /* AFHTTPSessionManager.m */,
				BD49C1D11E51988A0009C4E2 /* AFNetworking.h */,
				BD49C1D21E51988A0009C4E2 /* AFNetworkReachabilityManager.h */,
				BD49C1D31E51988A0009C4E2 /* AFNetworkReachabilityManager.m */,
				BD49C1D41E51988A0009C4E2 /* AFSecurityPolicy.h */,
				BD49C1D51E51988A0009C4E2 /* AFSecurityPolicy.m */,
				BD49C1D61E51988A0009C4E2 /* AFURLRequestSerialization.h */,
				BD49C1D71E51988A0009C4E2 /* AFURLRequestSerialization.m */,
				BD49C1D81E51988A0009C4E2 /* AFURLResponseSerialization.h */,
				BD49C1D91E51988A0009C4E2 /* AFURLResponseSerialization.m */,
				BD49C1DA1E51988A0009C4E2 /* AFURLSessionManager.h */,
				BD49C1DB1E51988A0009C4E2 /* AFURLSessionManager.m */,
			);
			path = AFNetworking;
			sourceTree = "<group>";
		};
		BD49C1DE1E51988A0009C4E2 /* UIKit+AFNetworking */ = {
			isa = PBXGroup;
			children = (
				BD49C1DF1E51988A0009C4E2 /* AFAutoPurgingImageCache.h */,
				BD49C1E01E51988A0009C4E2 /* AFAutoPurgingImageCache.m */,
				BD49C1E11E51988A0009C4E2 /* AFImageDownloader.h */,
				BD49C1E21E51988A0009C4E2 /* AFImageDownloader.m */,
				BD49C1E31E51988A0009C4E2 /* AFNetworkActivityIndicatorManager.h */,
				BD49C1E41E51988A0009C4E2 /* AFNetworkActivityIndicatorManager.m */,
				BD49C1E51E51988A0009C4E2 /* UIActivityIndicatorView+AFNetworking.h */,
				BD49C1E61E51988A0009C4E2 /* UIActivityIndicatorView+AFNetworking.m */,
				BD49C1E71E51988A0009C4E2 /* UIButton+AFNetworking.h */,
				BD49C1E81E51988A0009C4E2 /* UIButton+AFNetworking.m */,
				BD49C1E91E51988A0009C4E2 /* UIImage+AFNetworking.h */,
				BD49C1EA1E51988A0009C4E2 /* UIImageView+AFNetworking.h */,
				BD49C1EB1E51988A0009C4E2 /* UIImageView+AFNetworking.m */,
				BD49C1EC1E51988A0009C4E2 /* UIKit+AFNetworking.h */,
				BD49C1ED1E51988A0009C4E2 /* UIProgressView+AFNetworking.h */,
				BD49C1EE1E51988A0009C4E2 /* UIProgressView+AFNetworking.m */,
				BD49C1EF1E51988A0009C4E2 /* UIRefreshControl+AFNetworking.h */,
				BD49C1F01E51988A0009C4E2 /* UIRefreshControl+AFNetworking.m */,
				BD49C1F11E51988A0009C4E2 /* UIWebView+AFNetworking.h */,
				BD49C1F21E51988A0009C4E2 /* UIWebView+AFNetworking.m */,
			);
			path = "UIKit+AFNetworking";
			sourceTree = "<group>";
		};
/* End PBXGroup section */

/* Begin PBXNativeTarget section */
		BD49C1821E515A210009C4E2 /* gcdProject */ = {
			isa = PBXNativeTarget;
			buildConfigurationList = BD49C1B01E515A220009C4E2 /* Build configuration list for PBXNativeTarget "gcdProject" */;
			buildPhases = (
				BD49C17F1E515A210009C4E2 /* Sources */,
				BD49C1801E515A210009C4E2 /* Frameworks */,
				BD49C1811E515A210009C4E2 /* Resources */,
			);
			buildRules = (
			);
			dependencies = (
			);
			name = gcdProject;
			productName = gcdProject;
			productReference = BD49C1831E515A210009C4E2 /* gcdProject.app */;
			productType = "com.apple.product-type.application";
		};
		BD49C19B1E515A220009C4E2 /* gcdProjectTests */ = {
			isa = PBXNativeTarget;
			buildConfigurationList = BD49C1B31E515A220009C4E2 /* Build configuration list for PBXNativeTarget "gcdProjectTests" */;
			buildPhases = (
				BD49C1981E515A220009C4E2 /* Sources */,
				BD49C1991E515A220009C4E2 /* Frameworks */,
				BD49C19A1E515A220009C4E2 /* Resources */,
			);
			buildRules = (
			);
			dependencies = (
				BD49C19E1E515A220009C4E2 /* PBXTargetDependency */,
			);
			name = gcdProjectTests;
			productName = gcdProjectTests;
			productReference = BD49C19C1E515A220009C4E2 /* gcdProjectTests.xctest */;
			productType = "com.apple.product-type.bundle.unit-test";
		};
		BD49C1A61E515A220009C4E2 /* gcdProjectUITests */ = {
			isa = PBXNativeTarget;
			buildConfigurationList = BD49C1B61E515A220009C4E2 /* Build configuration list for PBXNativeTarget "gcdProjectUITests" */;
			buildPhases = (
				BD49C1A31E515A220009C4E2 /* Sources */,
				BD49C1A41E515A220009C4E2 /* Frameworks */,
				BD49C1A51E515A220009C4E2 /* Resources */,
			);
			buildRules = (
			);
			dependencies = (
				BD49C1A91E515A220009C4E2 /* PBXTargetDependency */,
			);
			name = gcdProjectUITests;
			productName = gcdProjectUITests;
			productReference = BD49C1A71E515A220009C4E2 /* gcdProjectUITests.xctest */;
			productType = "com.apple.product-type.bundle.ui-testing";
		};
/* End PBXNativeTarget section */

/* Begin PBXProject section */
		BD49C17B1E515A210009C4E2 /* Project object */ = {
			isa = PBXProject;
			attributes = {
				LastUpgradeCheck = 0810;
				ORGANIZATIONNAME = zhangzhihua;
				TargetAttributes = {
					BD49C1821E515A210009C4E2 = {
						CreatedOnToolsVersion = 8.1;
						DevelopmentTeam = UWQPN2RE82;
						ProvisioningStyle = Automatic;
					};
					BD49C19B1E515A220009C4E2 = {
						CreatedOnToolsVersion = 8.1;
						DevelopmentTeam = UWQPN2RE82;
						ProvisioningStyle = Automatic;
						TestTargetID = BD49C1821E515A210009C4E2;
					};
					BD49C1A61E515A220009C4E2 = {
						CreatedOnToolsVersion = 8.1;
						DevelopmentTeam = UWQPN2RE82;
						ProvisioningStyle = Automatic;
						TestTargetID = BD49C1821E515A210009C4E2;
					};
				};
			};
			buildConfigurationList = BD49C17E1E515A210009C4E2 /* Build configuration list for PBXProject "gcdProject" */;
			compatibilityVersion = "Xcode 3.2";
			developmentRegion = English;
			hasScannedForEncodings = 0;
			knownRegions = (
				en,
				Base,
			);
			mainGroup = BD49C17A1E515A210009C4E2;
			productRefGroup = BD49C1841E515A210009C4E2 /* Products */;
			projectDirPath = "";
			projectRoot = "";
			targets = (
				BD49C1821E515A210009C4E2 /* gcdProject */,
				BD49C19B1E515A220009C4E2 /* gcdProjectTests */,
				BD49C1A61E515A220009C4E2 /* gcdProjectUITests */,
			);
		};
/* End PBXProject section */

/* Begin PBXResourcesBuildPhase section */
		BD49C1811E515A210009C4E2 /* Resources */ = {
			isa = PBXResourcesBuildPhase;
			buildActionMask = 2147483647;
			files = (
				BD49C1961E515A220009C4E2 /* LaunchScreen.storyboard in Resources */,
				BD49C1931E515A220009C4E2 /* Assets.xcassets in Resources */,
				BD49C1F91E51988A0009C4E2 /* LICENSE in Resources */,
				BD49C1911E515A220009C4E2 /* Main.storyboard in Resources */,
			);
			runOnlyForDeploymentPostprocessing = 0;
		};
		BD49C19A1E515A220009C4E2 /* Resources */ = {
			isa = PBXResourcesBuildPhase;
			buildActionMask = 2147483647;
			files = (
			);
			runOnlyForDeploymentPostprocessing = 0;
		};
		BD49C1A51E515A220009C4E2 /* Resources */ = {
			isa = PBXResourcesBuildPhase;
			buildActionMask = 2147483647;
			files = (
			);
			runOnlyForDeploymentPostprocessing = 0;
		};
/* End PBXResourcesBuildPhase section */

/* Begin PBXSourcesBuildPhase section */
		BD49C17F1E515A210009C4E2 /* Sources */ = {
			isa = PBXSourcesBuildPhase;
			buildActionMask = 2147483647;
			files = (
				BD49C1F81E51988A0009C4E2 /* AFURLSessionManager.m in Sources */,
				BD49C1CD1E5196000009C4E2 /* ViewController.m in Sources */,
				BD49C1FA1E51988A0009C4E2 /* README.md in Sources */,
				BD49C18B1E515A220009C4E2 /* AppDelegate.m in Sources */,
				BD49C1F41E51988A0009C4E2 /* AFNetworkReachabilityManager.m in Sources */,
				BD49C1881E515A220009C4E2 /* main.m in Sources */,
				BD49C1FE1E51988A0009C4E2 /* UIActivityIndicatorView+AFNetworking.m in Sources */,
				BD49C1F51E51988A0009C4E2 /* AFSecurityPolicy.m in Sources */,
				BD49C2011E51988A0009C4E2 /* UIProgressView+AFNetworking.m in Sources */,
				BD49C1F61E51988A0009C4E2 /* AFURLRequestSerialization.m in Sources */,
				BD49C1F71E51988A0009C4E2 /* AFURLResponseSerialization.m in Sources */,
				BD49C1FD1E51988A0009C4E2 /* AFNetworkActivityIndicatorManager.m in Sources */,
				BD49C2001E51988A0009C4E2 /* UIImageView+AFNetworking.m in Sources */,
				BD49C1FF1E51988A0009C4E2 /* UIButton+AFNetworking.m in Sources */,
				BD49C2021E51988A0009C4E2 /* UIRefreshControl+AFNetworking.m in Sources */,
				BD49C2031E51988A0009C4E2 /* UIWebView+AFNetworking.m in Sources */,
				BD49C2061E51A1130009C4E2 /* StarViewController.m in Sources */,
				BD49C1F31E51988A0009C4E2 /* AFHTTPSessionManager.m in Sources */,
				BD49C1FB1E51988A0009C4E2 /* AFAutoPurgingImageCache.m in Sources */,
				BD49C1FC1E51988A0009C4E2 /* AFImageDownloader.m in Sources */,
			);
			runOnlyForDeploymentPostprocessing = 0;
		};
		BD49C1981E515A220009C4E2 /* Sources */ = {
			isa = PBXSourcesBuildPhase;
			buildActionMask = 2147483647;
			files = (
				BD49C1A11E515A220009C4E2 /* gcdProjectTests.m in Sources */,
			);
			runOnlyForDeploymentPostprocessing = 0;
		};
		BD49C1A31E515A220009C4E2 /* Sources */ = {
			isa = PBXSourcesBuildPhase;
			buildActionMask = 2147483647;
			files = (
				BD49C1AC1E515A220009C4E2 /* gcdProjectUITests.m in Sources */,
			);
			runOnlyForDeploymentPostprocessing = 0;
		};
/* End PBXSourcesBuildPhase section */

/* Begin PBXTargetDependency section */
		BD49C19E1E515A220009C4E2 /* PBXTargetDependency */ = {
			isa = PBXTargetDependency;
			target = BD49C1821E515A210009C4E2 /* gcdProject */;
			targetProxy = BD49C19D1E515A220009C4E2 /* PBXContainerItemProxy */;
		};
		BD49C1A91E515A220009C4E2 /* PBXTargetDependency */ = {
			isa = PBXTargetDependency;
			target = BD49C1821E515A210009C4E2 /* gcdProject */;
			targetProxy = BD49C1A81E515A220009C4E2 /* PBXContainerItemProxy */;
		};
/* End PBXTargetDependency section */

/* Begin PBXVariantGroup section */
		BD49C18F1E515A220009C4E2 /* Main.storyboard */ = {
			isa = PBXVariantGroup;
			children = (
				BD49C1901E515A220009C4E2 /* Base */,
			);
			name = Main.storyboard;
			sourceTree = "<group>";
		};
		BD49C1941E515A220009C4E2 /* LaunchScreen.storyboard */ = {
			isa = PBXVariantGroup;
			children = (
				BD49C1951E515A220009C4E2 /* Base */,
			);
			name = LaunchScreen.storyboard;
			sourceTree = "<group>";
		};
/* End PBXVariantGroup section */

/* Begin XCBuildConfiguration section */
		BD49C1AE1E515A220009C4E2 /* Debug */ = {
			isa = XCBuildConfiguration;
			buildSettings = {
				ALWAYS_SEARCH_USER_PATHS = NO;
				CLANG_ANALYZER_NONNULL = YES;
				CLANG_CXX_LANGUAGE_STANDARD = "gnu++0x";
				CLANG_CXX_LIBRARY = "libc++";
				CLANG_ENABLE_MODULES = YES;
				CLANG_ENABLE_OBJC_ARC = YES;
				CLANG_WARN_BOOL_CONVERSION = YES;
				CLANG_WARN_CONSTANT_CONVERSION = YES;
				CLANG_WARN_DIRECT_OBJC_ISA_USAGE = YES_ERROR;
				CLANG_WARN_DOCUMENTATION_COMMENTS = YES;
				CLANG_WARN_EMPTY_BODY = YES;
				CLANG_WARN_ENUM_CONVERSION = YES;
				CLANG_WARN_INFINITE_RECURSION = YES;
				CLANG_WARN_INT_CONVERSION = YES;
				CLANG_WARN_OBJC_ROOT_CLASS = YES_ERROR;
				CLANG_WARN_SUSPICIOUS_MOVES = YES;
				CLANG_WARN_UNREACHABLE_CODE = YES;
				CLANG_WARN__DUPLICATE_METHOD_MATCH = YES;
				"CODE_SIGN_IDENTITY[sdk=iphoneos*]" = "iPhone Developer";
				COPY_PHASE_STRIP = NO;
				DEBUG_INFORMATION_FORMAT = dwarf;
				ENABLE_STRICT_OBJC_MSGSEND = YES;
				ENABLE_TESTABILITY = YES;
				GCC_C_LANGUAGE_STANDARD = gnu99;
				GCC_DYNAMIC_NO_PIC = NO;
				GCC_NO_COMMON_BLOCKS = YES;
				GCC_OPTIMIZATION_LEVEL = 0;
				GCC_PREPROCESSOR_DEFINITIONS = (
					"DEBUG=1",
					"$(inherited)",
				);
				GCC_WARN_64_TO_32_BIT_CONVERSION = YES;
				GCC_WARN_ABOUT_RETURN_TYPE = YES_ERROR;
				GCC_WARN_UNDECLARED_SELECTOR = YES;
				GCC_WARN_UNINITIALIZED_AUTOS = YES_AGGRESSIVE;
				GCC_WARN_UNUSED_FUNCTION = YES;
				GCC_WARN_UNUSED_VARIABLE = YES;
				IPHONEOS_DEPLOYMENT_TARGET = 10.1;
				MTL_ENABLE_DEBUG_INFO = YES;
				ONLY_ACTIVE_ARCH = YES;
				SDKROOT = iphoneos;
			};
			name = Debug;
		};
		BD49C1AF1E515A220009C4E2 /* Release */ = {
			isa = XCBuildConfiguration;
			buildSettings = {
				ALWAYS_SEARCH_USER_PATHS = NO;
				CLANG_ANALYZER_NONNULL = YES;
				CLANG_CXX_LANGUAGE_STANDARD = "gnu++0x";
				CLANG_CXX_LIBRARY = "libc++";
				CLANG_ENABLE_MODULES = YES;
				CLANG_ENABLE_OBJC_ARC = YES;
				CLANG_WARN_BOOL_CONVERSION = YES;
				CLANG_WARN_CONSTANT_CONVERSION = YES;
				CLANG_WARN_DIRECT_OBJC_ISA_USAGE = YES_ERROR;
				CLANG_WARN_DOCUMENTATION_COMMENTS = YES;
				CLANG_WARN_EMPTY_BODY = YES;
				CLANG_WARN_ENUM_CONVERSION = YES;
				CLANG_WARN_INFINITE_RECURSION = YES;
				CLANG_WARN_INT_CONVERSION = YES;
				CLANG_WARN_OBJC_ROOT_CLASS = YES_ERROR;
				CLANG_WARN_SUSPICIOUS_MOVES = YES;
				CLANG_WARN_UNREACHABLE_CODE = YES;
				CLANG_WARN__DUPLICATE_METHOD_MATCH = YES;
				"CODE_SIGN_IDENTITY[sdk=iphoneos*]" = "iPhone Developer";
				COPY_PHASE_STRIP = NO;
				DEBUG_INFORMATION_FORMAT = "dwarf-with-dsym";
				ENABLE_NS_ASSERTIONS = NO;
				ENABLE_STRICT_OBJC_MSGSEND = YES;
				GCC_C_LANGUAGE_STANDARD = gnu99;
				GCC_NO_COMMON_BLOCKS = YES;
				GCC_WARN_64_TO_32_BIT_CONVERSION = YES;
				GCC_WARN_ABOUT_RETURN_TYPE = YES_ERROR;
				GCC_WARN_UNDECLARED_SELECTOR = YES;
				GCC_WARN_UNINITIALIZED_AUTOS = YES_AGGRESSIVE;
				GCC_WARN_UNUSED_FUNCTION = YES;
				GCC_WARN_UNUSED_VARIABLE = YES;
				IPHONEOS_DEPLOYMENT_TARGET = 10.1;
				MTL_ENABLE_DEBUG_INFO = NO;
				SDKROOT = iphoneos;
				VALIDATE_PRODUCT = YES;
			};
			name = Release;
		};
		BD49C1B11E515A220009C4E2 /* Debug */ = {
			isa = XCBuildConfiguration;
			buildSettings = {
				ASSETCATALOG_COMPILER_APPICON_NAME = AppIcon;
				DEVELOPMENT_TEAM = UWQPN2RE82;
				INFOPLIST_FILE = gcdProject/Info.plist;
				LD_RUNPATH_SEARCH_PATHS = "$(inherited) @executable_path/Frameworks";
				PRODUCT_BUNDLE_IDENTIFIER = "-.gcdProject";
				PRODUCT_NAME = "$(TARGET_NAME)";
			};
			name = Debug;
		};
		BD49C1B21E515A220009C4E2 /* Release */ = {
			isa = XCBuildConfiguration;
			buildSettings = {
				ASSETCATALOG_COMPILER_APPICON_NAME = AppIcon;
				DEVELOPMENT_TEAM = UWQPN2RE82;
				INFOPLIST_FILE = gcdProject/Info.plist;
				LD_RUNPATH_SEARCH_PATHS = "$(inherited) @executable_path/Frameworks";
				PRODUCT_BUNDLE_IDENTIFIER = "-.gcdProject";
				PRODUCT_NAME = "$(TARGET_NAME)";
			};
			name = Release;
		};
		BD49C1B41E515A220009C4E2 /* Debug */ = {
			isa = XCBuildConfiguration;
			buildSettings = {
				BUNDLE_LOADER = "$(TEST_HOST)";
				DEVELOPMENT_TEAM = UWQPN2RE82;
				INFOPLIST_FILE = gcdProjectTests/Info.plist;
				LD_RUNPATH_SEARCH_PATHS = "$(inherited) @executable_path/Frameworks @loader_path/Frameworks";
				PRODUCT_BUNDLE_IDENTIFIER = "-.gcdProjectTests";
				PRODUCT_NAME = "$(TARGET_NAME)";
				TEST_HOST = "$(BUILT_PRODUCTS_DIR)/gcdProject.app/gcdProject";
			};
			name = Debug;
		};
		BD49C1B51E515A220009C4E2 /* Release */ = {
			isa = XCBuildConfiguration;
			buildSettings = {
				BUNDLE_LOADER = "$(TEST_HOST)";
				DEVELOPMENT_TEAM = UWQPN2RE82;
				INFOPLIST_FILE = gcdProjectTests/Info.plist;
				LD_RUNPATH_SEARCH_PATHS = "$(inherited) @executable_path/Frameworks @loader_path/Frameworks";
				PRODUCT_BUNDLE_IDENTIFIER = "-.gcdProjectTests";
				PRODUCT_NAME = "$(TARGET_NAME)";
				TEST_HOST = "$(BUILT_PRODUCTS_DIR)/gcdProject.app/gcdProject";
			};
			name = Release;
		};
		BD49C1B71E515A220009C4E2 /* Debug */ = {
			isa = XCBuildConfiguration;
			buildSettings = {
				DEVELOPMENT_TEAM = UWQPN2RE82;
				INFOPLIST_FILE = gcdProjectUITests/Info.plist;
				LD_RUNPATH_SEARCH_PATHS = "$(inherited) @executable_path/Frameworks @loader_path/Frameworks";
				PRODUCT_BUNDLE_IDENTIFIER = "-.gcdProjectUITests";
				PRODUCT_NAME = "$(TARGET_NAME)";
				TEST_TARGET_NAME = gcdProject;
			};
			name = Debug;
		};
		BD49C1B81E515A220009C4E2 /* Release */ = {
			isa = XCBuildConfiguration;
			buildSettings = {
				DEVELOPMENT_TEAM = UWQPN2RE82;
				INFOPLIST_FILE = gcdProjectUITests/Info.plist;
				LD_RUNPATH_SEARCH_PATHS = "$(inherited) @executable_path/Frameworks @loader_path/Frameworks";
				PRODUCT_BUNDLE_IDENTIFIER = "-.gcdProjectUITests";
				PRODUCT_NAME = "$(TARGET_NAME)";
				TEST_TARGET_NAME = gcdProject;
			};
			name = Release;
		};
/* End XCBuildConfiguration section */

/* Begin XCConfigurationList section */
		BD49C17E1E515A210009C4E2 /* Build configuration list for PBXProject "gcdProject" */ = {
			isa = XCConfigurationList;
			buildConfigurations = (
				BD49C1AE1E515A220009C4E2 /* Debug */,
				BD49C1AF1E515A220009C4E2 /* Release */,
			);
			defaultConfigurationIsVisible = 0;
			defaultConfigurationName = Release;
		};
		BD49C1B01E515A220009C4E2 /* Build configuration list for PBXNativeTarget "gcdProject" */ = {
			isa = XCConfigurationList;
			buildConfigurations = (
				BD49C1B11E515A220009C4E2 /* Debug */,
				BD49C1B21E515A220009C4E2 /* Release */,
			);
			defaultConfigurationIsVisible = 0;
			defaultConfigurationName = Release;
		};
		BD49C1B31E515A220009C4E2 /* Build configuration list for PBXNativeTarget "gcdProjectTests" */ = {
			isa = XCConfigurationList;
			buildConfigurations = (
				BD49C1B41E515A220009C4E2 /* Debug */,
				BD49C1B51E515A220009C4E2 /* Release */,
			);
			defaultConfigurationIsVisible = 0;
			defaultConfigurationName = Release;
		};
		BD49C1B61E515A220009C4E2 /* Build configuration list for PBXNativeTarget "gcdProjectUITests" */ = {
			isa = XCConfigurationList;
			buildConfigurations = (
				BD49C1B71E515A220009C4E2 /* Debug */,
				BD49C1B81E515A220009C4E2 /* Release */,
			);
			defaultConfigurationIsVisible = 0;
			defaultConfigurationName = Release;
		};
/* End XCConfigurationList section */
	};
	rootObject = BD49C17B1E515A210009C4E2 /* Project object */;
}
